
Microsoft Visual Studio Solution File, Format Version 12.00
# Visual Studio Version 16
VisualStudioVersion = 16.0.28922.388
MinimumVisualStudioVersion = 10.0.40219.1
Project("{9A19103F-16F7-4668-BE54-9A1E7A4F7556}") = "Bullseye", "Bullseye\Bullseye.csproj", "{F9730A96-B6CF-4E3B-990B-07FF2B4379DB}"
EndProject
Project("{9A19103F-16F7-4668-BE54-9A1E7A4F7556}") = "BullseyeTests", "BullseyeTests\BullseyeTests.csproj", "{2F6863E0-63EC-49FA-AB52-438AD6834F33}"
EndProject
Project("{9A19103F-16F7-4668-BE54-9A1E7A4F7556}") = "BullseyeSmokeTester", "BullseyeSmokeTester\BullseyeSmokeTester.csproj", "{B14FA656-DBFE-4755-8997-2F58FCBCDC28}"
EndProject
Project("{9A19103F-16F7-4668-BE54-9A1E7A4F7556}") = "BullseyeSmokeTester.DragonFruit", "BullseyeSmokeTester.DragonFruit\BullseyeSmokeTester.DragonFruit.csproj", "{4B0C74CC-94D5-4641-A1DD-89C42D924018}"
EndProject
Project("{9A19103F-16F7-4668-BE54-9A1E7A4F7556}") = "BullseyeSmokeTester.CommandLine", "BullseyeSmokeTester.CommandLine\BullseyeSmokeTester.CommandLine.csproj", "{D6229B05-94BB-46F7-944E-92C53C441D11}"
EndProject
Project("{9A19103F-16F7-4668-BE54-9A1E7A4F7556}") = "BullseyeSmokeTester.McMaster", "BullseyeSmokeTester.McMaster\BullseyeSmokeTester.McMaster.csproj", "{567C97C3-CABA-477F-B54A-923F2BF5A28F}"
EndProject
Project("{FAE04EC0-301F-11D3-BF4B-00C04F79EFBC}") = "BullseyeSmokeTester.Parallel", "BullseyeSmokeTester.Parallel\BullseyeSmokeTester.Parallel.csproj", "{5210FBE6-2C29-4F3D-B667-1568DE67DC28}"
EndProject
Global
	GlobalSection(SolutionConfigurationPlatforms) = preSolution
		Debug|Any CPU = Debug|Any CPU
		Release|Any CPU = Release|Any CPU
	EndGlobalSection
	GlobalSection(ProjectConfigurationPlatforms) = postSolution
		{F9730A96-B6CF-4E3B-990B-07FF2B4379DB}.Debug|Any CPU.ActiveCfg = Debug|Any CPU
		{F9730A96-B6CF-4E3B-990B-07FF2B4379DB}.Debug|Any CPU.Build.0 = Debug|Any CPU
		{F9730A96-B6CF-4E3B-990B-07FF2B4379DB}.Release|Any CPU.ActiveCfg = Release|Any CPU
		{F9730A96-B6CF-4E3B-990B-07FF2B4379DB}.Release|Any CPU.Build.0 = Release|Any CPU
		{2F6863E0-63EC-49FA-AB52-438AD6834F33}.Debug|Any CPU.ActiveCfg = Debug|Any CPU
		{2F6863E0-63EC-49FA-AB52-438AD6834F33}.Debug|Any CPU.Build.0 = Debug|Any CPU
		{2F6863E0-63EC-49FA-AB52-438AD6834F33}.Release|Any CPU.ActiveCfg = Release|Any CPU
		{2F6863E0-63EC-49FA-AB52-438AD6834F33}.Release|Any CPU.Build.0 = Release|Any CPU
		{B14FA656-DBFE-4755-8997-2F58FCBCDC28}.Debug|Any CPU.ActiveCfg = Debug|Any CPU
		{B14FA656-DBFE-4755-8997-2F58FCBCDC28}.Debug|Any CPU.Build.0 = Debug|Any CPU
		{B14FA656-DBFE-4755-8997-2F58FCBCDC28}.Release|Any CPU.ActiveCfg = Release|Any CPU
		{B14FA656-DBFE-4755-8997-2F58FCBCDC28}.Release|Any CPU.Build.0 = Release|Any CPU
		{4B0C74CC-94D5-4641-A1DD-89C42D924018}.Debug|Any CPU.ActiveCfg = Debug|Any CPU
		{4B0C74CC-94D5-4641-A1DD-89C42D924018}.Debug|Any CPU.Build.0 = Debug|Any CPU
		{4B0C74CC-94D5-4641-A1DD-89C42D924018}.Release|Any CPU.ActiveCfg = Release|Any CPU
		{4B0C74CC-94D5-4641-A1DD-89C42D924018}.Release|Any CPU.Build.0 = Release|Any CPU
		{D6229B05-94BB-46F7-944E-92C53C441D11}.Debug|Any CPU.ActiveCfg = Debug|Any CPU
		{D6229B05-94BB-46F7-944E-92C53C441D11}.Debug|Any CPU.Build.0 = Debug|Any CPU
		{D6229B05-94BB-46F7-944E-92C53C441D11}.Release|Any CPU.ActiveCfg = Release|Any CPU
		{D6229B05-94BB-46F7-944E-92C53C441D11}.Release|Any CPU.Build.0 = Release|Any CPU
		{567C97C3-CABA-477F-B54A-923F2BF5A28F}.Debug|Any CPU.ActiveCfg = Debug|Any CPU
		{567C97C3-CABA-477F-B54A-923F2BF5A28F}.Debug|Any CPU.Build.0 = Debug|Any CPU
		{567C97C3-CABA-477F-B54A-923F2BF5A28F}.Release|Any CPU.ActiveCfg = Release|Any CPU
		{567C97C3-CABA-477F-B54A-923F2BF5A28F}.Release|Any CPU.Build.0 = Release|Any CPU
		{5210FBE6-2C29-4F3D-B667-1568DE67DC28}.Debug|Any CPU.ActiveCfg = Debug|Any CPU
		{5210FBE6-2C29-4F3D-B667-1568DE67DC28}.Debug|Any CPU.Build.0 = Debug|Any CPU
		{5210FBE6-2C29-4F3D-B667-1568DE67DC28}.Release|Any CPU.ActiveCfg = Release|Any CPU
		{5210FBE6-2C29-4F3D-B667-1568DE67DC28}.Release|Any CPU.Build.0 = Release|Any CPU
	EndGlobalSection
	GlobalSection(SolutionProperties) = preSolution
		HideSolutionNode = FALSE
	EndGlobalSection
	GlobalSection(ExtensibilityGlobals) = postSolution
		SolutionGuid = {7A0FB36E-D87D-4F6D-8E2C-28465384052A}
	EndGlobalSection
EndGlobal
