<Solution>
  <Folder Name="/smoke-tests/">
    <Project Path="smoke-tests/SmokeTests.CommandLine/SmokeTests.CommandLine.csproj" />
    <Project Path="smoke-tests/SmokeTests.McMaster/SmokeTests.McMaster.csproj" />
    <Project Path="smoke-tests/SmokeTests.Parallel/SmokeTests.Parallel.csproj" />
    <Project Path="smoke-tests/SmokeTests/SmokeTests.csproj" />
  </Folder>
  <Folder Name="/src/">
    <Project Path="src/Bullseye/Bullseye.csproj" />
  </Folder>
  <Folder Name="/tests/">
    <Project Path="tests/Tests/Tests.csproj" />
  </Folder>
</Solution>
