{
  "version": 1,
  "dependencies": {
    "net10.0": {
      "System.CommandLine.DragonFruit": {
        "type": "Direct",
        "requested": "[0.4.0-alpha.25306.1, )",
        "resolved": "0.4.0-alpha.25306.1",
        "contentHash": "yHMsGvSH3P9DNWCXkdh77kqSRcyAu0KzNofeNSdXy00nbculjYMf0NzS+DErcHBkhPmaFgJeGIf+F5cSk/rUkA==",
        "dependencies": {
          "System.CommandLine": "2.0.0-beta5.25306.1",
          "System.CommandLine.NamingConventionBinder": "2.0.0-beta5.25306.1",
          "System.CommandLine.Rendering": "0.4.0-alpha.25306.1"
        }
      },
      "System.CommandLine": {
        "type": "Transitive",
        "resolved": "2.0.0-beta5.25306.1",
        "contentHash": "ce0wuowuh13Cd7GXqLCq77/YWlxQMxrVCMIO/2/QUP6CdP/JWnlYSN/N3/55wwGsUwa9CvPuT8ddjgyypUr5ag=="
      },
      "System.CommandLine.NamingConventionBinder": {
        "type": "Transitive",
        "resolved": "2.0.0-beta5.25306.1",
        "contentHash": "hEz+l/35lDcDuGg6wpTQNYwAQ6D4Nw5jFzGJu7C2sNFMkKgncGppjyH4jmWrdIuSi3GXOy4Jm+t5UwJAaxJdFQ==",
        "dependencies": {
          "System.CommandLine": "2.0.0-beta5.25306.1"
        }
      },
      "System.CommandLine.Rendering": {
        "type": "Transitive",
        "resolved": "0.4.0-alpha.25306.1",
        "contentHash": "N9sgman379uKGdp59naX+Zb53NCTA+DOeg6nlZGuEjdY6UTLhKXdL+UGijAEnpQXpKMOlA0mGV451m0k9mcQVg==",
        "dependencies": {
          "System.CommandLine": "2.0.0-beta5.25306.1"
        }
      },
      "bullseye": {
        "type": "Project"
      }
    }
  }
}