{
  "version": 1,
  "dependencies": {
    "net10.0": {
      "System.CommandLine.DragonFruit": {
        "type": "Direct",
        "requested": "[0.4.0-alpha.22272.1, )",
        "resolved": "0.4.0-alpha.22272.1",
        "contentHash": "E20ryy4/7RIbYsSj9+J2VBzdxFRG1D+Lu3bLSdfULdpSld6Vm+OuziStuxpnFf7nGaEtrN4FHpHF9uHINDMd4A==",
        "dependencies": {
          "System.CommandLine": "2.0.0-beta4.22272.1",
          "System.CommandLine.NamingConventionBinder": "2.0.0-beta4.22272.1",
          "System.CommandLine.Rendering": "0.4.0-alpha.22272.1"
        }
      },
      "System.CommandLine": {
        "type": "Transitive",
        "resolved": "2.0.0-beta4.22272.1",
        "contentHash": "1uqED/q2H0kKoLJ4+hI2iPSBSEdTuhfCYADeJrAqERmiGQ2NNacYKRNEQ+gFbU4glgVyK8rxI+ZOe1onEtr/Pg=="
      },
      "System.CommandLine.NamingConventionBinder": {
        "type": "Transitive",
        "resolved": "2.0.0-beta4.22272.1",
        "contentHash": "ux2eUA/syF+JtlpMDc/Lsd6PBIBuwjH3AvHnestoh5uD0WKT5b+wkQxDWVCqp9qgVjMBTLNhX19ZYFtenunt9A==",
        "dependencies": {
          "System.CommandLine": "2.0.0-beta4.22272.1"
        }
      },
      "System.CommandLine.Rendering": {
        "type": "Transitive",
        "resolved": "0.4.0-alpha.22272.1",
        "contentHash": "PQd7HStYn6RYjc5zuerR41sALm3qFDutzDHISB5DYbExSgll6s8zghfyYFdLioLPWpFxVyMj3L9Ki69jqqum/g==",
        "dependencies": {
          "System.CommandLine": "2.0.0-beta4.22272.1"
        }
      },
      "bullseye": {
        "type": "Project"
      }
    }
  }
}