{
  "version": 1,
  "dependencies": {
    "net8.0": {
      "GitHubActionsTestLogger": {
        "type": "Direct",
        "requested": "[3.0.1, )",
        "resolved": "3.0.1",
        "contentHash": "HCfw7V1yuKxnm89vVKrb8b6aug96PUgxN9Z0YthEFCR8JOfTJF4XcU1i6RX2eEB08p3zriuFIG7BGXns4PyE8Q=="
      },
      "Microsoft.Testing.Platform": {
        "type": "Direct",
        "requested": "[2.0.2, )",
        "resolved": "2.0.2",
        "contentHash": "43NCOTEENtdc9fmlzX9KHQR14AZEYek5r4jOJlWPhTyV1+aYAQYl4x773nYXU5TKxV6+rMuniJ7wcj9C9qrP1A=="
      },
      "Microsoft.VisualStudio.Threading.Analyzers": {
        "type": "Direct",
        "requested": "[17.14.15, )",
        "resolved": "17.14.15",
        "contentHash": "mXQPJsbuUD2ydq4/ffd8h8tSOFCXec+2xJOVNCvXjuMOq/+5EKHq3D2m2MC2+nUaXeFMSt66VS/J4HdKBixgcw=="
      },
      "PublicApiGenerator": {
        "type": "Direct",
        "requested": "[11.5.4, )",
        "resolved": "11.5.4",
        "contentHash": "Va382WG4Vng8kCtDaAP5solqbhayMMlW1E+e/DV/w39yJPybmMgy8fbdUvvQgG93EMILx7JtJbGS1HRhVNTUVQ==",
        "dependencies": {
          "Mono.Cecil": "0.11.6",
          "System.CodeDom": "6.0.0"
        }
      },
      "Verify.XunitV3": {
        "type": "Direct",
        "requested": "[31.9.3, )",
        "resolved": "31.9.3",
        "contentHash": "STslW9NSMfiD6rU8UFrxaRChUd8cm8HlXQk4Y2xPvlLaErJcLxjYu+nBaS/ZQtRv68DE02/mVg0a5/4oWERD2Q==",
        "dependencies": {
          "Argon": "0.33.0",
          "DiffEngine": "18.2.0",
          "Microsoft.Bcl.AsyncInterfaces": "10.0.1",
          "SimpleInfoName": "3.1.2",
          "Verify": "31.9.3",
          "xunit.v3.extensibility.core": "3.2.1"
        }
      },
      "xunit.v3.mtp-v2": {
        "type": "Direct",
        "requested": "[3.2.1, )",
        "resolved": "3.2.1",
        "contentHash": "QnT7C+eEUM7ut6w4/RNPpSxE1Q9epiCNWf8Krc/vqcc+sc3Ejtl8lbf4w5DzBYWLUlkEEUr1u9czG0Qj7QK6IQ==",
        "dependencies": {
          "xunit.analyzers": "1.26.0",
          "xunit.v3.assert": "[3.2.1]",
          "xunit.v3.core.mtp-v2": "[3.2.1]"
        }
      },
      "Argon": {
        "type": "Transitive",
        "resolved": "0.33.0",
        "contentHash": "4MIj5MosLqRlKAz16Ir5rz1gyocC6npJGGXqkTIIVby0yPYKk56Lm9X5tEQv6MbStLUOv3aDfya6FKAqcRhxTA=="
      },
      "DiffEngine": {
        "type": "Transitive",
        "resolved": "18.2.0",
        "contentHash": "HL24HqxiS9/YzMpn54omqUk3Xwk275MiY3f9QMoDy88NT4Q4VPGnxPutoUR+qZAFP699pAm+2sqUhqF+aWvmVQ==",
        "dependencies": {
          "EmptyFiles": "8.17.1"
        }
      },
      "EmptyFiles": {
        "type": "Transitive",
        "resolved": "8.17.1",
        "contentHash": "pVmxBQer9yeFhYg6X27YMB/RDxYT99ms5QD8IT2KTj/WzygRtWZ0l7jlk4I4aAztNT7QjvHQ6tQ1/ox07C552A=="
      },
      "Microsoft.ApplicationInsights": {
        "type": "Transitive",
        "resolved": "2.23.0",
        "contentHash": "nWArUZTdU7iqZLycLKWe0TDms48KKGE6pONH2terYNa8REXiqixrMOkf1sk5DHGMaUTqONU2YkS4SAXBhLStgw==",
        "dependencies": {
          "System.Diagnostics.DiagnosticSource": "5.0.0"
        }
      },
      "Microsoft.Bcl.AsyncInterfaces": {
        "type": "Transitive",
        "resolved": "10.0.1",
        "contentHash": "E1HSLkPHXEO30JEij2pWbOuzz1Z5ND4a5l7IP1T2RgQuE0a0NzEIvtO64RNy3Otn6PFezbT80cfm3M/Cgt70PA=="
      },
      "Microsoft.NETCore.Platforms": {
        "type": "Transitive",
        "resolved": "5.0.0",
        "contentHash": "VyPlqzH2wavqquTcYpkIIAQ6WdenuKoFN0BdYBbCWsclXacSOHNQn66Gt4z5NBqEYW0FAPm5rlvki9ZiCij5xQ=="
      },
      "Microsoft.Testing.Extensions.Telemetry": {
        "type": "Transitive",
        "resolved": "2.0.2",
        "contentHash": "H580BvHyuADoWzlH9zRk5fqVyGucm6mhph+k40CQc9O4ie+Buxa4Pk9Q92BEClqIICqi25J7fuMII9qFYYgKtw==",
        "dependencies": {
          "Microsoft.ApplicationInsights": "2.23.0",
          "Microsoft.Testing.Platform": "2.0.2"
        }
      },
      "Microsoft.Testing.Extensions.TrxReport.Abstractions": {
        "type": "Transitive",
        "resolved": "2.0.2",
        "contentHash": "MrHYdPZ1CiyYp5bfjzNSghfVwl/I9osMazcZMAbwZY0BhR32i70YLf4zSXECvU2qt2PvDdrjYpGRgBscFbjDpw==",
        "dependencies": {
          "Microsoft.Testing.Platform": "2.0.2"
        }
      },
      "Microsoft.Testing.Platform.MSBuild": {
        "type": "Transitive",
        "resolved": "2.0.2",
        "contentHash": "2zKkQKaUoaKgb/3AekboWOdLMh4upCo1nLWQnjGzp8r9YjiNOZRrzTsJQ3A4U03AcbH0evlIvFDKYSUqmTVuug==",
        "dependencies": {
          "Microsoft.Testing.Platform": "2.0.2"
        }
      },
      "Microsoft.Win32.Registry": {
        "type": "Transitive",
        "resolved": "5.0.0",
        "contentHash": "dDoKi0PnDz31yAyETfRntsLArTlVAVzUzCIvvEDsDsucrl33Dl8pIJG06ePTJTI3tGpeyHS9Cq7Foc/s4EeKcg==",
        "dependencies": {
          "System.Security.AccessControl": "5.0.0",
          "System.Security.Principal.Windows": "5.0.0"
        }
      },
      "Mono.Cecil": {
        "type": "Transitive",
        "resolved": "0.11.6",
        "contentHash": "f33RkDtZO8VlGXCtmQIviOtxgnUdym9xx/b1p9h91CRGOsJFxCFOFK1FDbVt1OCf1aWwYejUFa2MOQyFWTFjbA=="
      },
      "SimpleInfoName": {
        "type": "Transitive",
        "resolved": "3.1.2",
        "contentHash": "/OoEZQxSW6DeTJ9nfrg8BLCOCWpxBiWHV4NkG3t+Xpe8tvzm7yCwKwxkhpauMl3fg9OjlIjJMKX61H6VavLkrw=="
      },
      "System.CodeDom": {
        "type": "Transitive",
        "resolved": "6.0.0",
        "contentHash": "CPc6tWO1LAer3IzfZufDBRL+UZQcj5uS207NHALQzP84Vp/z6wF0Aa0YZImOQY8iStY0A2zI/e3ihKNPfUm8XA=="
      },
      "System.Diagnostics.DiagnosticSource": {
        "type": "Transitive",
        "resolved": "5.0.0",
        "contentHash": "tCQTzPsGZh/A9LhhA6zrqCRV4hOHsK90/G7q3Khxmn6tnB1PuNU0cRaKANP2AWcF9bn0zsuOoZOSrHuJk6oNBA=="
      },
      "System.Security.AccessControl": {
        "type": "Transitive",
        "resolved": "5.0.0",
        "contentHash": "dagJ1mHZO3Ani8GH0PHpPEe/oYO+rVdbQjvjJkBRNQkX4t0r1iaeGn8+/ybkSLEan3/slM0t59SVdHzuHf2jmw==",
        "dependencies": {
          "Microsoft.NETCore.Platforms": "5.0.0",
          "System.Security.Principal.Windows": "5.0.0"
        }
      },
      "System.Security.Principal.Windows": {
        "type": "Transitive",
        "resolved": "5.0.0",
        "contentHash": "t0MGLukB5WAVU9bO3MGzvlGnyJPgUlcwerXn1kzBRjwLKixT96XV0Uza41W49gVd8zEMFu9vQEFlv0IOrytICA=="
      },
      "Verify": {
        "type": "Transitive",
        "resolved": "31.9.3",
        "contentHash": "EYUGcT5EjAzcAsp0r5DzWIhm1CjFk8EyNO42O8Ta/zsOxGPeeX1z6KysaDuo26EDP10CRVLlrMiFdB5fcRcTYw==",
        "dependencies": {
          "Argon": "0.33.0",
          "DiffEngine": "18.2.0",
          "SimpleInfoName": "3.1.2"
        }
      },
      "xunit.analyzers": {
        "type": "Transitive",
        "resolved": "1.26.0",
        "contentHash": "YrWZOfuU1Scg4iGizAlMNALOxVS+HPSVilfscNDEJAyrTIVdF4c+8o+Aerw2RYnrJxafj/F56YkJOKCURUWQmA=="
      },
      "xunit.v3.assert": {
        "type": "Transitive",
        "resolved": "3.2.1",
        "contentHash": "7hGxs+sfgPCiHg7CbWL8Vsmg8WS4vBfipZ7rfE+FEyS7ksU4+0vcV08TQvLIXLPAfinT06zVoK83YjRcMXcXLw=="
      },
      "xunit.v3.common": {
        "type": "Transitive",
        "resolved": "3.2.1",
        "contentHash": "NUh3pPTC3Py4XTnjoCCCIEzvdKTQ9apu0ikDNCrUETBtfHHXcoUmIl5bOfJLQQu7awhu8eaZHjJnG7rx9lUZpg==",
        "dependencies": {
          "Microsoft.Bcl.AsyncInterfaces": "6.0.0"
        }
      },
      "xunit.v3.core.mtp-v2": {
        "type": "Transitive",
        "resolved": "3.2.1",
        "contentHash": "EX7lPHnlJQYGj092TE+I7bw/iT9eYA+JcqRg0+31tSPgQqBhmOSxTT7YIfU6zFHo4ak4F/TPz3GjmvweJT1zZw==",
        "dependencies": {
          "Microsoft.Testing.Extensions.Telemetry": "2.0.2",
          "Microsoft.Testing.Extensions.TrxReport.Abstractions": "2.0.2",
          "Microsoft.Testing.Platform": "2.0.2",
          "Microsoft.Testing.Platform.MSBuild": "2.0.2",
          "xunit.v3.extensibility.core": "[3.2.1]",
          "xunit.v3.runner.inproc.console": "[3.2.1]"
        }
      },
      "xunit.v3.extensibility.core": {
        "type": "Transitive",
        "resolved": "3.2.1",
        "contentHash": "soZuThF5CwB/ZZ2HY/ivdinyM/6MvmjsHTG0vNw3fRd1ZKcmLzfxVb3fB6R3G5yoaN4Bh+aWzFGjOvYO05OzkA==",
        "dependencies": {
          "xunit.v3.common": "[3.2.1]"
        }
      },
      "xunit.v3.runner.common": {
        "type": "Transitive",
        "resolved": "3.2.1",
        "contentHash": "oF0jwl0xH45/RWjDcaCPOeeI6HCoyiEXIT8yvByd37rhJorjL/Ri8S9A/Vql8DBPjCfQWd6Url5JRmeiQ55isA==",
        "dependencies": {
          "Microsoft.Win32.Registry": "[5.0.0]",
          "xunit.v3.common": "[3.2.1]"
        }
      },
      "xunit.v3.runner.inproc.console": {
        "type": "Transitive",
        "resolved": "3.2.1",
        "contentHash": "EC/VLj1E9BPWfmzdEMQEqouxh0rWAdX6SXuiiDRf0yXXsQo3E2PNLKCyJ9V8hmkGH/nBvM7pHLFbuCf00vCynw==",
        "dependencies": {
          "xunit.v3.extensibility.core": "[3.2.1]",
          "xunit.v3.runner.common": "[3.2.1]"
        }
      },
      "bullseye": {
        "type": "Project"
      }
    }
  }
}