{
  "version": 1,
  "dependencies": {
    "net8.0": {
      "Microsoft.CodeAnalysis.PublicApiAnalyzers": {
        "type": "Direct",
        "requested": "[3.3.4, )",
        "resolved": "3.3.4",
        "contentHash": "kNLTfXtXUWDHVt5iaPkkiPuyHYlMgLI6SOFT4w88bfeI2vqSeGgHunFkdvlaCM8RDfcY0t2+jnesQtidRJJ/DA=="
      },
      "MinVer": {
        "type": "Direct",
        "requested": "[6.1.0-beta.1, )",
        "resolved": "6.1.0-beta.1",
        "contentHash": "7G+74w2V7Cd9wy6JmUuRsDY/lskO9smQNlp9rF6BJr70RTQb6odJ3n6Oau23/eBuvQjI6vy4bVbQPZvDFey01g=="
      }
    },
    "net9.0": {
      "Microsoft.CodeAnalysis.PublicApiAnalyzers": {
        "type": "Direct",
        "requested": "[3.3.4, )",
        "resolved": "3.3.4",
        "contentHash": "kNLTfXtXUWDHVt5iaPkkiPuyHYlMgLI6SOFT4w88bfeI2vqSeGgHunFkdvlaCM8RDfcY0t2+jnesQtidRJJ/DA=="
      },
      "MinVer": {
        "type": "Direct",
        "requested": "[6.1.0-beta.1, )",
        "resolved": "6.1.0-beta.1",
        "contentHash": "7G+74w2V7Cd9wy6JmUuRsDY/lskO9smQNlp9rF6BJr70RTQb6odJ3n6Oau23/eBuvQjI6vy4bVbQPZvDFey01g=="
      }
    }
  }
}
