{
  "version": 1,
  "dependencies": {
    "net10.0": {
      "McMaster.Extensions.CommandLineUtils": {
        "type": "Direct",
        "requested": "[5.0.0, )",
        "resolved": "5.0.0",
        "contentHash": "f/oIMg5kL+MmY29jFfWJ8Bv9EzDQidN+eJVN2Fb2e5o2u9zN0QXLVOgxoXLbZLUxOzBmZbuhd+ArAt6amducYw=="
      },
      "Microsoft.VisualStudio.Threading.Analyzers": {
        "type": "Direct",
        "requested": "[17.14.15, )",
        "resolved": "17.14.15",
        "contentHash": "mXQPJsbuUD2ydq4/ffd8h8tSOFCXec+2xJOVNCvXjuMOq/+5EKHq3D2m2MC2+nUaXeFMSt66VS/J4HdKBixgcw=="
      },
      "bullseye": {
        "type": "Project"
      }
    }
  }
}