{
  "version": 1,
  "dependencies": {
    "net9.0": {
      "System.CommandLine": {
        "type": "Direct",
        "requested": "[2.0.0-beta4.22272.1, )",
        "resolved": "2.0.0-beta4.22272.1",
        "contentHash": "1uqED/q2H0kKoLJ4+hI2iPSBSEdTuhfCYADeJrAqERmiGQ2NNacYKRNEQ+gFbU4glgVyK8rxI+ZOe1onEtr/Pg=="
      },
      "bullseye": {
        "type": "Project"
      }
    }
  }
}
